
Microsoft Visual Studio Solution File, Format Version 12.00
# Visual Studio 14
VisualStudioVersion = 14.0.24720.0
MinimumVisualStudioVersion = 10.0.40219.1
Project("{FAE04EC0-301F-11D3-BF4B-00C04F79EFBC}") = "LibREPL", "LibREPL\LibREPL.csproj", "{97D256C9-E2C7-4FCC-A14A-1180D05726B8}"
EndProject
Project("{FAE04EC0-301F-11D3-BF4B-00C04F79EFBC}") = "ExampleREPL", "ExampleREPL\ExampleREPL.csproj", "{C24F9225-F7A9-4544-ACFC-F5263D9A1BCE}"
EndProject
Global
	GlobalSection(SolutionConfigurationPlatforms) = preSolution
		Debug|Any CPU = Debug|Any CPU
		Release|Any CPU = Release|Any CPU
	EndGlobalSection
	GlobalSection(ProjectConfigurationPlatforms) = postSolution
		{97D256C9-E2C7-4FCC-A14A-1180D05726B8}.Debug|Any CPU.ActiveCfg = Debug|Any CPU
		{97D256C9-E2C7-4FCC-A14A-1180D05726B8}.Debug|Any CPU.Build.0 = Debug|Any CPU
		{97D256C9-E2C7-4FCC-A14A-1180D05726B8}.Release|Any CPU.ActiveCfg = Release|Any CPU
		{97D256C9-E2C7-4FCC-A14A-1180D05726B8}.Release|Any CPU.Build.0 = Release|Any CPU
		{C24F9225-F7A9-4544-ACFC-F5263D9A1BCE}.Debug|Any CPU.ActiveCfg = Debug|Any CPU
		{C24F9225-F7A9-4544-ACFC-F5263D9A1BCE}.Debug|Any CPU.Build.0 = Debug|Any CPU
		{C24F9225-F7A9-4544-ACFC-F5263D9A1BCE}.Release|Any CPU.ActiveCfg = Release|Any CPU
		{C24F9225-F7A9-4544-ACFC-F5263D9A1BCE}.Release|Any CPU.Build.0 = Release|Any CPU
	EndGlobalSection
	GlobalSection(SolutionProperties) = preSolution
		HideSolutionNode = FALSE
	EndGlobalSection
EndGlobal
